
Microsoft Visual Studio Solution File, Format Version 11.00
# Visual C# Express 2010
Project("{FAE04EC0-301F-11D3-BF4B-00C04F79EFBC}") = "Tim2021Console", "Tim2021Console\Tim2021Console.csproj", "{C00BDCFF-B4ED-4EF5-B8CC-EDCDF4F705FD}"
EndProject
Project("{FAE04EC0-301F-11D3-BF4B-00C04F79EFBC}") = "Common", "Common\Common.csproj", "{A8FD6DFC-3C34-4DB1-85E3-FB1BAA74A691}"
EndProject
Project("{FAE04EC0-301F-11D3-BF4B-00C04F79EFBC}") = "Entity", "Entity\Entity.csproj", "{4ED8172D-FF0D-4647-BD25-73AD6C8A8D4F}"
EndProject
Project("{FAE04EC0-301F-11D3-BF4B-00C04F79EFBC}") = "Process", "Process\Process.csproj", "{CF391E67-6FDF-4156-9769-2C2B8553F09D}"
EndProject
Project("{FAE04EC0-301F-11D3-BF4B-00C04F79EFBC}") = "ProxyGenerator", "ProxyGenerator\ProxyGenerator.csproj", "{ADAAA24C-D812-4385-B557-38B500708840}"
EndProject
Global
	GlobalSection(SolutionConfigurationPlatforms) = preSolution
		Debug|Any CPU = Debug|Any CPU
		Debug|Mixed Platforms = Debug|Mixed Platforms
		Debug|x86 = Debug|x86
		Release|Any CPU = Release|Any CPU
		Release|Mixed Platforms = Release|Mixed Platforms
		Release|x86 = Release|x86
	EndGlobalSection
	GlobalSection(ProjectConfigurationPlatforms) = postSolution
		{C00BDCFF-B4ED-4EF5-B8CC-EDCDF4F705FD}.Debug|Any CPU.ActiveCfg = Debug|x86
		{C00BDCFF-B4ED-4EF5-B8CC-EDCDF4F705FD}.Debug|Mixed Platforms.ActiveCfg = Debug|x86
		{C00BDCFF-B4ED-4EF5-B8CC-EDCDF4F705FD}.Debug|Mixed Platforms.Build.0 = Debug|x86
		{C00BDCFF-B4ED-4EF5-B8CC-EDCDF4F705FD}.Debug|x86.ActiveCfg = Debug|x86
		{C00BDCFF-B4ED-4EF5-B8CC-EDCDF4F705FD}.Debug|x86.Build.0 = Debug|x86
		{C00BDCFF-B4ED-4EF5-B8CC-EDCDF4F705FD}.Release|Any CPU.ActiveCfg = Release|x86
		{C00BDCFF-B4ED-4EF5-B8CC-EDCDF4F705FD}.Release|Mixed Platforms.ActiveCfg = Release|x86
		{C00BDCFF-B4ED-4EF5-B8CC-EDCDF4F705FD}.Release|Mixed Platforms.Build.0 = Release|x86
		{C00BDCFF-B4ED-4EF5-B8CC-EDCDF4F705FD}.Release|x86.ActiveCfg = Release|x86
		{C00BDCFF-B4ED-4EF5-B8CC-EDCDF4F705FD}.Release|x86.Build.0 = Release|x86
		{A8FD6DFC-3C34-4DB1-85E3-FB1BAA74A691}.Debug|Any CPU.ActiveCfg = Debug|Any CPU
		{A8FD6DFC-3C34-4DB1-85E3-FB1BAA74A691}.Debug|Any CPU.Build.0 = Debug|Any CPU
		{A8FD6DFC-3C34-4DB1-85E3-FB1BAA74A691}.Debug|Mixed Platforms.ActiveCfg = Debug|Any CPU
		{A8FD6DFC-3C34-4DB1-85E3-FB1BAA74A691}.Debug|Mixed Platforms.Build.0 = Debug|Any CPU
		{A8FD6DFC-3C34-4DB1-85E3-FB1BAA74A691}.Debug|x86.ActiveCfg = Debug|Any CPU
		{A8FD6DFC-3C34-4DB1-85E3-FB1BAA74A691}.Release|Any CPU.ActiveCfg = Release|Any CPU
		{A8FD6DFC-3C34-4DB1-85E3-FB1BAA74A691}.Release|Any CPU.Build.0 = Release|Any CPU
		{A8FD6DFC-3C34-4DB1-85E3-FB1BAA74A691}.Release|Mixed Platforms.ActiveCfg = Release|Any CPU
		{A8FD6DFC-3C34-4DB1-85E3-FB1BAA74A691}.Release|Mixed Platforms.Build.0 = Release|Any CPU
		{A8FD6DFC-3C34-4DB1-85E3-FB1BAA74A691}.Release|x86.ActiveCfg = Release|Any CPU
		{4ED8172D-FF0D-4647-BD25-73AD6C8A8D4F}.Debug|Any CPU.ActiveCfg = Debug|Any CPU
		{4ED8172D-FF0D-4647-BD25-73AD6C8A8D4F}.Debug|Any CPU.Build.0 = Debug|Any CPU
		{4ED8172D-FF0D-4647-BD25-73AD6C8A8D4F}.Debug|Mixed Platforms.ActiveCfg = Debug|Any CPU
		{4ED8172D-FF0D-4647-BD25-73AD6C8A8D4F}.Debug|Mixed Platforms.Build.0 = Debug|Any CPU
		{4ED8172D-FF0D-4647-BD25-73AD6C8A8D4F}.Debug|x86.ActiveCfg = Debug|Any CPU
		{4ED8172D-FF0D-4647-BD25-73AD6C8A8D4F}.Release|Any CPU.ActiveCfg = Release|Any CPU
		{4ED8172D-FF0D-4647-BD25-73AD6C8A8D4F}.Release|Any CPU.Build.0 = Release|Any CPU
		{4ED8172D-FF0D-4647-BD25-73AD6C8A8D4F}.Release|Mixed Platforms.ActiveCfg = Release|Any CPU
		{4ED8172D-FF0D-4647-BD25-73AD6C8A8D4F}.Release|Mixed Platforms.Build.0 = Release|Any CPU
		{4ED8172D-FF0D-4647-BD25-73AD6C8A8D4F}.Release|x86.ActiveCfg = Release|Any CPU
		{CF391E67-6FDF-4156-9769-2C2B8553F09D}.Debug|Any CPU.ActiveCfg = Debug|Any CPU
		{CF391E67-6FDF-4156-9769-2C2B8553F09D}.Debug|Any CPU.Build.0 = Debug|Any CPU
		{CF391E67-6FDF-4156-9769-2C2B8553F09D}.Debug|Mixed Platforms.ActiveCfg = Debug|Any CPU
		{CF391E67-6FDF-4156-9769-2C2B8553F09D}.Debug|Mixed Platforms.Build.0 = Debug|Any CPU
		{CF391E67-6FDF-4156-9769-2C2B8553F09D}.Debug|x86.ActiveCfg = Debug|Any CPU
		{CF391E67-6FDF-4156-9769-2C2B8553F09D}.Release|Any CPU.ActiveCfg = Release|Any CPU
		{CF391E67-6FDF-4156-9769-2C2B8553F09D}.Release|Any CPU.Build.0 = Release|Any CPU
		{CF391E67-6FDF-4156-9769-2C2B8553F09D}.Release|Mixed Platforms.ActiveCfg = Release|Any CPU
		{CF391E67-6FDF-4156-9769-2C2B8553F09D}.Release|Mixed Platforms.Build.0 = Release|Any CPU
		{CF391E67-6FDF-4156-9769-2C2B8553F09D}.Release|x86.ActiveCfg = Release|Any CPU
		{ADAAA24C-D812-4385-B557-38B500708840}.Debug|Any CPU.ActiveCfg = Debug|Any CPU
		{ADAAA24C-D812-4385-B557-38B500708840}.Debug|Any CPU.Build.0 = Debug|Any CPU
		{ADAAA24C-D812-4385-B557-38B500708840}.Debug|Mixed Platforms.ActiveCfg = Debug|Any CPU
		{ADAAA24C-D812-4385-B557-38B500708840}.Debug|Mixed Platforms.Build.0 = Debug|Any CPU
		{ADAAA24C-D812-4385-B557-38B500708840}.Debug|x86.ActiveCfg = Debug|Any CPU
		{ADAAA24C-D812-4385-B557-38B500708840}.Release|Any CPU.ActiveCfg = Release|Any CPU
		{ADAAA24C-D812-4385-B557-38B500708840}.Release|Any CPU.Build.0 = Release|Any CPU
		{ADAAA24C-D812-4385-B557-38B500708840}.Release|Mixed Platforms.ActiveCfg = Release|Any CPU
		{ADAAA24C-D812-4385-B557-38B500708840}.Release|Mixed Platforms.Build.0 = Release|Any CPU
		{ADAAA24C-D812-4385-B557-38B500708840}.Release|x86.ActiveCfg = Release|Any CPU
	EndGlobalSection
	GlobalSection(SolutionProperties) = preSolution
		HideSolutionNode = FALSE
	EndGlobalSection
EndGlobal
